PODS:
  - AFNetworking (1.3.3)
  - CommonCrypto (1.1)
  - Kiwi/ARC (2.2.2)
  - Kiwi/NonARC (2.2.2)
  - Kiwi/XCTest (2.2.2):
    - Kiwi/ARC
    - Kiwi/NonARC
  - lua (5.2.1)
  - Reachability (3.1.1)
  - SSKeychain (1.2.1)

DEPENDENCIES:
  - AFNetworking (~> 1.3.3)
  - CommonCrypto (~> 1.1)
  - Kiwi/XCTest
  - lua (~> 5.2.1)
  - Reachability (~> 3.1.1)
  - SSKeychain (~> 1.2.1)

SPEC CHECKSUMS:
  AFNetworking: 0700ec7a58c36ad217173e167f6e4df7270df66b
  CommonCrypto: 8996386fc0dcd3713ce39ea5efb4afadb9fa00e2
  Kiwi: 03539aeb004ccd42bdbc31253617b26364315df4
  lua: 3dbef589adc08b071c9e77eacf71803c4b9e97dc
  Reachability: 2be6bc2fd2bd31d97f5db33e75e4b29c79e95883
  SSKeychain: d18926838c2e7cd342e2a49e9f869858e49f035a

COCOAPODS: 0.25.0
