PODS:
  - AFNetworking (2.0.0):
    - AFNetworking/NSURLConnection
    - AFNetworking/NSURLSession
    - AFNetworking/Reachability
    - AFNetworking/Security
    - AFNetworking/Serialization
    - AFNetworking/UIKit
  - AFNetworking/NSURLConnection (2.0.0):
    - AFNetworking/Reachability
    - AFNetworking/Security
    - AFNetworking/Serialization
  - AFNetworking/Reachability (2.0.0)
  - AFNetworking/Security (2.0.0)
  - AFNetworking/Serialization (2.0.0)
  - CommonCrypto (1.1)
  - Kiwi/ARC (2.2.2)
  - Kiwi/NonARC (2.2.2)
  - Kiwi/XCTest (2.2.2):
    - Kiwi/ARC
    - Kiwi/NonARC
  - lua (5.2.1)
  - Reachability (3.1.1)

DEPENDENCIES:
  - AFNetworking (~> 2.0.0)
  - CommonCrypto (~> 1.1)
  - Kiwi/XCTest
  - lua (~> 5.2.1)
  - Reachability (~> 3.1.1)

SPEC CHECKSUMS:
  AFNetworking: 17de048dd0d74ea4b174e7827eb1102cb67d2aa4
  CommonCrypto: 8996386fc0dcd3713ce39ea5efb4afadb9fa00e2
  Kiwi: 03539aeb004ccd42bdbc31253617b26364315df4
  lua: 3dbef589adc08b071c9e77eacf71803c4b9e97dc
  Reachability: 2be6bc2fd2bd31d97f5db33e75e4b29c79e95883

COCOAPODS: 0.25.0
